
Microsoft Visual Studio Solution File, Format Version 12.00
# Visual Studio Version 17
VisualStudioVersion = 17.3.32929.385
MinimumVisualStudioVersion = 10.0.40219.1
Project("{FAE04EC0-301F-11D3-BF4B-00C04F79EFBC}") = "P7_1_1214063", "P7_1_1214063\P7_1_1214063.csproj", "{C52A4364-647B-4FC5-B3BC-FB73F960C623}"
EndProject
Global
	GlobalSection(SolutionConfigurationPlatforms) = preSolution
		Debug|Any CPU = Debug|Any CPU
		Release|Any CPU = Release|Any CPU
	EndGlobalSection
	GlobalSection(ProjectConfigurationPlatforms) = postSolution
		{C52A4364-647B-4FC5-B3BC-FB73F960C623}.Debug|Any CPU.ActiveCfg = Debug|Any CPU
		{C52A4364-647B-4FC5-B3BC-FB73F960C623}.Debug|Any CPU.Build.0 = Debug|Any CPU
		{C52A4364-647B-4FC5-B3BC-FB73F960C623}.Release|Any CPU.ActiveCfg = Release|Any CPU
		{C52A4364-647B-4FC5-B3BC-FB73F960C623}.Release|Any CPU.Build.0 = Release|Any CPU
	EndGlobalSection
	GlobalSection(SolutionProperties) = preSolution
		HideSolutionNode = FALSE
	EndGlobalSection
	GlobalSection(ExtensibilityGlobals) = postSolution
		SolutionGuid = {72BD85CE-2449-493A-B262-E01102F4E832}
	EndGlobalSection
EndGlobal
